
Microsoft Visual Studio Solution File, Format Version 12.00
# Visual Studio Version 17
VisualStudioVersion = 17.0.31903.59
MinimumVisualStudioVersion = 10.0.40219.1
Project("{FAE04EC0-301F-11D3-BF4B-00C04F79EFBC}") = "GameFinder.WebApi", "GameFinder.WebApi\GameFinder.WebApi.csproj", "{B6D6B888-AF43-4C48-BBD4-699EF7CD15E5}"
EndProject
Project("{FAE04EC0-301F-11D3-BF4B-00C04F79EFBC}") = "GameFinder.Data", "GameFinder.Data\GameFinder.Data.csproj", "{BA449D57-2523-4E56-AF81-AD014F28E0BE}"
EndProject
Project("{FAE04EC0-301F-11D3-BF4B-00C04F79EFBC}") = "GameFinder.Models", "GameFinder.Models\GameFinder.Models.csproj", "{0212C0A0-D0F7-4F20-AAB9-72C320A67579}"
EndProject
Project("{FAE04EC0-301F-11D3-BF4B-00C04F79EFBC}") = "GameFinder.Services", "GameFinder.Services\GameFinder.Services.csproj", "{871046A0-AFBF-4F74-B3A8-BE41EAD73545}"
EndProject
Global
	GlobalSection(SolutionConfigurationPlatforms) = preSolution
		Debug|Any CPU = Debug|Any CPU
		Release|Any CPU = Release|Any CPU
	EndGlobalSection
	G